
Microsoft Visual Studio Solution File, Format Version 12.00
# Visual Studio Version 16
VisualStudioVersion = 16.0.30804.86
MinimumVisualStudioVersion = 10.0.40219.1
Project("{9A19103F-16F7-4668-BE54-9A1E7A4F7556}") = "IndustrialEnergy", "IndustrialEnergy\IndustrialEnergy.csproj", "{701EB4DF-75D2-489D-8A20-4DAEF8B8A922}"
EndProject
Project("{9A19103F-16F7-4668-BE54-9A1E7A4F7556}") = "IndustrialController", "..\IndustrialController\IndustrialController\IndustrialController.csproj", "{17653FA5-DB4A-4FB2-9E42-F5EF30B4D06A}"
EndProject
Global
	GlobalSection(SolutionConfigurationPlatforms) = preSolution
		Debug|Any CPU = Debug|Any CPU
		Release|Any CPU = Release|Any CPU
	EndGlobalSection
	GlobalSection(ProjectConfigurationPlatforms) = postSolution
		{701EB4DF-75D2-489D-8A20-4DAEF8B8A922}.Debug|Any CPU.ActiveCfg = Debug|Any CPU
		{701EB4DF-75D2-489D-8A20-4DAEF8B8A922}.Debug|Any CPU.Build.0 = Debug|Any CPU
		{701EB4DF-75D2-489D-8A20-4DAEF8B8A922}.Release|Any CPU.ActiveCfg = Release|Any CPU
		{701EB4DF-75D2-489D-8A20-4DAEF8B8A922}.Release|Any CPU.Build.0 = Release|Any CPU
		{17653FA5-DB4A-4FB2-9E42-F5EF30B4D06A}.Debug|Any CPU.ActiveCfg = Debug|Any CPU
		{17653FA5-DB4A-4FB2-9E42-F5EF30B4D06A}.Debug|Any CPU.Build.0 = Debug|Any CPU
		{17653FA5-DB4A-4FB2-9E42-F5EF30B4D06A}.Release|Any CPU.ActiveCfg = Release|Any CPU
		{17653FA5-DB4A-4FB2-9E42-F5EF30B4D06A}.Release|Any CPU.Build.0 = Release|Any CPU
	EndGlobalSection
	GlobalSection(SolutionProperties) = preSolution
		HideSolutionNode = FALSE
	EndGlobalSection
	GlobalSection(ExtensibilityGlobals) = postSolution
		SolutionGuid = {959B281D-2D66-4A5C-87F0-C3955D58629C}
	EndGlobalSection
EndGlobal
